# This file is automatically @generated by Cargo.
# It is not intended for manual editing.
version = 3

[[package]]
name = "rsnav-bsp"
version = "0.1.0"
dependencies = [
 "rsnav-common",
]

[[package]]
name = "rsnav-common"
version = "0.1.0"

[[package]]
name = "rsnav-navigation"
version = "0.1.0"
dependencies = [
 "rsnav-common",
 "rsnav-navmesh",
]

[[package]]
name = "rsnav-navmesh"
version = "0.1.0"
dependencies = [
 "rsnav-common",
 "rsnav-triangle",
]

[[package]]
name = "rsnav-pathing"
version = "0.1.0"
dependencies = [
 "rsnav-common",
 "rsnav-navigation",
]

[[package]]
name = "rsnav-polygon-extract"
version = "0.1.0"
dependencies = [
 "rsnav-common",
]

[[package]]
name = "rsnav-triangle"
version = "0.1.0"
dependencies = [
 "rsnav-common",
]
